<?xml version="1.0" encoding="utf-8"?>
<Project ToolsVersion="4.0" xmlns="http://schemas.microsoft.com/developer/msbuild/2003">
  <ItemGroup>
    <Filter Include="Serialize">
      <UniqueIdentifier>{c43e9a2e-bc9d-49ac-bec0-8544cbde1371}</UniqueIdentifier>
    </Filter>
    <Filter Include="MAIN">
      <UniqueIdentifier>{4FC737F1-C7A5-4376-A066-2A32D752A2FF}</UniqueIdentifier>
      <Extensions>cpp;c;cc;cxx;c++;cppm;ixx;def;odl;idl;hpj;bat;asm;asmx</Extensions>
    </Filter>
    <Filter Include="GENERIC_UTILITY">
      <UniqueIdentifier>{6ca8d284-1e57-4950-9a38-ca4f64f0760f}</UniqueIdentifier>
    </Filter>
    <Filter Include="JSON_THINGIES">
      <UniqueIdentifier>{ec1b0782-c23a-4b1c-98a2-78fe8afa581c}</UniqueIdentifier>
    </Filter>
    <Filter Include="RENDERING_STUFF">
      <UniqueIdentifier>{a8f1361c-4f0c-4bb9-bfbb-70a52c6b2625}</UniqueIdentifier>
    </Filter>
    <Filter Include="MATHY_GEOMETRY">
      <UniqueIdentifier>{23dee9f4-19a6-42ef-8f04-3bd25fb30a85}</UniqueIdentifier>
    </Filter>
    <Filter Include="Entity">
      <UniqueIdentifier>{533b2fbe-4f0f-4701-88c0-0fa9fea5e181}</UniqueIdentifier>
    </Filter>
  </ItemGroup>
  <ItemGroup>
    <ClInclude Include="Serialization.h">
      <Filter>Serialize</Filter>
    </ClInclude>
    <ClInclude Include="Configs.h">
      <Filter>JSON_THINGIES</Filter>
    </ClInclude>
    <ClInclude Include="RenderManager.h">
      <Filter>RENDERING_STUFF</Filter>
    </ClInclude>
    <ClInclude Include="Sprite.h">
      <Filter>RENDERING_STUFF</Filter>
    </ClInclude>
    <ClInclude Include="Animation.h">
      <Filter>RENDERING_STUFF</Filter>
    </ClInclude>
    <ClInclude Include="Font.h">
      <Filter>RENDERING_STUFF</Filter>
    </ClInclude>
    <ClInclude Include="badConcepts.h">
      <Filter>GENERIC_UTILITY</Filter>
    </ClInclude>
    <ClInclude Include="FrameTimer.h">
      <Filter>GENERIC_UTILITY</Filter>
    </ClInclude>
    <ClInclude Include="NumberGenerator.h">
      <Filter>GENERIC_UTILITY</Filter>
    </ClInclude>
    <ClInclude Include="SequenceM.h">
      <Filter>GENERIC_UTILITY</Filter>
    </ClInclude>
    <ClInclude Include="Stopwatch.h">
      <Filter>GENERIC_UTILITY</Filter>
    </ClInclude>
    <ClInclude Include="Simple_Geometric_Functions.h">
      <Filter>MATHY_GEOMETRY</Filter>
    </ClInclude>
    <ClInclude Include="Rectangle.h">
      <Filter>MATHY_GEOMETRY</Filter>
    </ClInclude>
    <ClInclude Include="Vec2M.h">
      <Filter>MATHY_GEOMETRY</Filter>
    </ClInclude>
    <ClInclude Include="Transform.h">
      <Filter>MATHY_GEOMETRY</Filter>
    </ClInclude>
    <ClInclude Include="Camera.h">
      <Filter>RENDERING_STUFF</Filter>
    </ClInclude>
    <ClInclude Include="Color.h">
      <Filter>RENDERING_STUFF</Filter>
    </ClInclude>
    <ClInclude Include="Collision_Functions.h">
      <Filter>MATHY_GEOMETRY</Filter>
    </ClInclude>
    <ClInclude Include="Entity_Factory.h">
      <Filter>Entity</Filter>
    </ClInclude>
  </ItemGroup>
  <ItemGroup>
    <ClCompile Include="main.cpp">
      <Filter>MAIN</Filter>
    </ClCompile>
    <ClCompile Include="RenderManager.cpp">
      <Filter>RENDERING_STUFF</Filter>
    </ClCompile>
    <ClCompile Include="Collision_Functions.cpp">
      <Filter>MATHY_GEOMETRY</Filter>
    </ClCompile>
  </ItemGroup>
  <ItemGroup>
    <Text Include="SystemManagerConfig.json">
      <Filter>JSON_THINGIES</Filter>
    </Text>
    <Text Include="stage_config.json">
      <Filter>JSON_THINGIES</Filter>
    </Text>
    <Text Include="entity_config.json">
      <Filter>JSON_THINGIES</Filter>
    </Text>
  </ItemGroup>
</Project>